
Microsoft Visual Studio Solution File, Format Version 12.00
# Visual Studio 15
VisualStudioVersion = 15.0.26228.9
MinimumVisualStudioVersion = 10.0.40219.1
Project("{FAE04EC0-301F-11D3-BF4B-00C04F79EFBC}") = "Metrics", "Metrics\Metrics.csproj", "{40DFBCED-5C37-4BC6-8A89-3321730BBC4B}"
EndProject
Project("{FAE04EC0-301F-11D3-BF4B-00C04F79EFBC}") = "Metrics.Tests", "Metrics.Tests\Metrics.Tests.csproj", "{DA462FE3-9715-4370-A48D-D1FADFFD3FCC}"
EndProject
Project("{FAE04EC0-301F-11D3-BF4B-00C04F79EFBC}") = "BusinessServices", "BusinessServices\BusinessServices.csproj", "{CA301AE0-F260-436F-9163-AE1339F6E022}"
EndProject
Project("{FAE04EC0-301F-11D3-BF4B-00C04F79EFBC}") = "DataModels", "DataModels\DataModels.csproj", "{AC4898B2-B5F7-43A5-AFDB-22924DE39934}"
EndProject
Global
	GlobalSection(SolutionConfigurationPlatforms) = preSolution
		Debug|Any CPU = Debug|Any CPU
		Release|Any CPU = Release|Any CPU
	EndGlobalSection
	GlobalSection(ProjectConfigurationPlatforms) = postSolution
		{40DFBCED-5C37-4BC6-8A89-3321730BBC4B}.Debug|Any CPU.ActiveCfg = Debug|Any CPU
		{40DFBCED-5C37-4BC6-8A89-3321730BBC4B}.Debug|Any CPU.Build.0 = Debug|Any CPU
		{40DFBCED-5C37-4BC6-8A89-3321730BBC4B}.Release|Any CPU.ActiveCfg = Release|Any CPU
		{40DFBCED-5C37-4BC6-8A89-3321730BBC4B}.Release|Any CPU.Build.0 = Release|Any CPU
		{DA462FE3-9715-4370-A48D-D1FADFFD3FCC}.Debug|Any CPU.ActiveCfg = Debug|Any CPU
		{DA462FE3-9715-4370-A48D-D1FADFFD3FCC}.Debug|Any CPU.Build.0 = Debug|Any CPU
		{DA462FE3-9715-4370-A48D-D1FADFFD3FCC}.Release|Any CPU.ActiveCfg = Release|Any CPU
		{DA462FE3-9715-4370-A48D-D1FADFFD3FCC}.Release|Any CPU.Build.0 = Release|Any CPU
		{CA301AE0-F260-436F-9163-AE1339F6E022}.Debug|Any CPU.ActiveCfg = Debug|Any CPU
		{CA301AE0-F260-436F-9163-AE1339F6E022}.Debug|Any CPU.Build.0 = Debug|Any CPU
		{CA301AE0-F260-436F-9163-AE1339F6E022}.Release|Any CPU.ActiveCfg = Release|Any CPU
		{CA301AE0-F260-436F-9163-AE1339F6E022}.Release|Any CPU.Build.0 = Release|Any CPU
		{AC4898B2-B5F7-43A5-AFDB-22924DE39934}.Debug|Any CPU.ActiveCfg = Debug|Any CPU
		{AC4898B2-B5F7-43A5-AFDB-22924DE39934}.Debug|Any CPU.Build.0 = Debug|Any CPU
		{AC4898B2-B5F7-43A5-AFDB-22924DE39934}.Release|Any CPU.ActiveCfg = Release|Any CPU
		{AC4898B2-B5F7-43A5-AFDB-22924DE39934}.Release|Any CPU.Build.0 = Release|Any CPU
	EndGlobalSection
	GlobalSection(SolutionProperties) = preSolution
		HideSolutionNode = FALSE
	EndGlobalSection
EndGlobal
